// !$*UTF8*$!
{
	archiveVersion = 1;
	classes = {
	};
	objectVersion = 48;
	objects = {

/* Begin PBXBuildFile section */
		7E0D1C44205547DC0069AD2B /* Launch Screen.storyboard in Resources */ = {isa = PBXBuildFile; fileRef = 7E0D1C43205547DC0069AD2B /* Launch Screen.storyboard */; };
		7E18B6372034261C00167CC2 /* .gitignore in Resources */ = {isa = PBXBuildFile; fileRef = 7E18B6362034261C00167CC2 /* .gitignore */; };
		7E403F5D204FC70700329A8C /* ForecastModel.swift in Sources */ = {isa = PBXBuildFile; fileRef = 7E403F5C204FC70700329A8C /* ForecastModel.swift */; };
		7E6D7275205BA81700F61327 /* TodayViewController.swift in Sources */ = {isa = PBXBuildFile; fileRef = 7E6D7274205BA81700F61327 /* TodayViewController.swift */; };
		7E6D7277205EF1E600F61327 /* ForecsatTableViewController.swift in Sources */ = {isa = PBXBuildFile; fileRef = 7E6D7276205EF1E600F61327 /* ForecsatTableViewController.swift */; };
		7E6D7279205EF91900F61327 /* ForecastTableViewCell.swift in Sources */ = {isa = PBXBuildFile; fileRef = 7E6D7278205EF91900F61327 /* ForecastTableViewCell.swift */; };
		7E78BCA42056DDCA003AFE81 /* LocationServices.swift in Sources */ = {isa = PBXBuildFile; fileRef = 7E78BCA32056DDCA003AFE81 /* LocationServices.swift */; };
		7E889AC42061968600A54BCD /* IconHandler.swift in Sources */ = {isa = PBXBuildFile; fileRef = 7E889AC32061968600A54BCD /* IconHandler.swift */; };
		7E889AC6206E1BCE00A54BCD /* DetailedTableViewController.swift in Sources */ = {isa = PBXBuildFile; fileRef = 7E889AC5206E1BCE00A54BCD /* DetailedTableViewController.swift */; };
		7EAD41482047DC8100DA4554 /* Forecast.swift in Sources */ = {isa = PBXBuildFile; fileRef = 7EAD41472047DC8100DA4554 /* Forecast.swift */; };
		7EFDE01F2030753300486AA7 /* AppDelegate.swift in Sources */ = {isa = PBXBuildFile; fileRef = 7EFDE01E2030753300486AA7 /* AppDelegate.swift */; };
		7EFDE0212030753300486AA7 /* MainViewController.swift in Sources */ = {isa = PBXBuildFile; fileRef = 7EFDE0202030753300486AA7 /* MainViewController.swift */; };
		7EFDE0262030753300486AA7 /* Assets.xcassets in Resources */ = {isa = PBXBuildFile; fileRef = 7EFDE0252030753300486AA7 /* Assets.xcassets */; };
/* End PBXBuildFile section */

/* Begin PBXFileReference section */
		7E0D1C43205547DC0069AD2B /* Launch Screen.storyboard */ = {isa = PBXFileReference; lastKnownFileType = file.storyboard; path = "Launch Screen.storyboard"; sourceTree = "<group>"; };
		7E18B6362034261C00167CC2 /* .gitignore */ = {isa = PBXFileReference; lastKnownFileType = text; path = .gitignore; sourceTree = "<group>"; };
		7E403F5C204FC70700329A8C /* ForecastModel.swift */ = {isa = PBXFileReference; lastKnownFileType = sourcecode.swift; path = ForecastModel.swift; sourceTree = "<group>"; };
		7E6D7274205BA81700F61327 /* TodayViewController.swift */ = {isa = PBXFileReference; lastKnownFileType = sourcecode.swift; path = TodayViewController.swift; sourceTree = "<group>"; };
		7E6D7276205EF1E600F61327 /* ForecsatTableViewController.swift */ = {isa = PBXFileReference; lastKnownFileType = sourcecode.swift; path = ForecsatTableViewController.swift; sourceTree = "<group>"; };
		7E6D7278205EF91900F61327 /* ForecastTableViewCell.swift */ = {isa = PBXFileReference; lastKnownFileType = sourcecode.swift; path = ForecastTableViewCell.swift; sourceTree = "<group>"; };
		7E78BCA32056DDCA003AFE81 /* LocationServices.swift */ = {isa = PBXFileReference; lastKnownFileType = sourcecode.swift; path = LocationServices.swift; sourceTree = "<group>"; };
		7E889AC32061968600A54BCD /* IconHandler.swift */ = {isa = PBXFileReference; lastKnownFileType = sourcecode.swift; path = IconHandler.swift; sourceTree = "<group>"; };
		7E889AC5206E1BCE00A54BCD /* DetailedTableViewController.swift */ = {isa = PBXFileReference; lastKnownFileType = sourcecode.swift; path = DetailedTableViewController.swift; sourceTree = "<group>"; };
		7EAD41472047DC8100DA4554 /* Forecast.swift */ = {isa = PBXFileReference; lastKnownFileType = sourcecode.swift; path = Forecast.swift; sourceTree = "<group>"; };
		7EFDE01B2030753300486AA7 /* Weather.app */ = {isa = PBXFileReference; explicitFileType = wrapper.application; includeInIndex = 0; path = Weather.app; sourceTree = BUILT_PRODUCTS_DIR; };
		7EFDE01E2030753300486AA7 /* AppDelegate.swift */ = {isa = PBXFileReference; lastKnownFileType = sourcecode.swift; path = AppDelegate.swift; sourceTree = "<group>"; };
		7EFDE0202030753300486AA7 /* MainViewController.swift */ = {isa = PBXFileReference; lastKnownFileType = sourcecode.swift; path = MainViewController.swift; sourceTree = "<group>"; };
		7EFDE0252030753300486AA7 /* Assets.xcassets */ = {isa = PBXFileReference; lastKnownFileType = folder.assetcatalog; path = Assets.xcassets; sourceTree = "<group>"; };
		7EFDE02A2030753300486AA7 /* Info.plist */ = {isa = PBXFileReference; lastKnownFileType = text.plist.xml; path = Info.plist; sourceTree = "<group>"; };
/* End PBXFileReference section */

/* Begin PBXFrameworksBuildPhase section */
		7EFDE0182030753300486AA7 /* Frameworks */ = {
			isa = PBXFrameworksBuildPhase;
			buildActionMask = 2147483647;
			files = (
			);
			runOnlyForDeploymentPostprocessing = 0;
		};
/* End PBXFrameworksBuildPhase section */

/* Begin PBXGroup section */
		7EFDE0122030753200486AA7 = {
			isa = PBXGroup;
			children = (
				7E18B6362034261C00167CC2 /* .gitignore */,
				7EFDE01D2030753300486AA7 /* Weather */,
				7EFDE01C2030753300486AA7 /* Products */,
			);
			sourceTree = "<group>";
		};
		7EFDE01C2030753300486AA7 /* Products */ = {
			isa = PBXGroup;
			children = (
				7EFDE01B2030753300486AA7 /* Weather.app */,
			);
			name = Products;
			sourceTree = "<group>";
		};
		7EFDE01D2030753300486AA7 /* Weather */ = {
			isa = PBXGroup;
			children = (
				7EFDE01E2030753300486AA7 /* AppDelegate.swift */,
				7EFDE0202030753300486AA7 /* MainViewController.swift */,
				7EFDE0252030753300486AA7 /* Assets.xcassets */,
				7EFDE02A2030753300486AA7 /* Info.plist */,
				7EAD41472047DC8100DA4554 /* Forecast.swift */,
				7E403F5C204FC70700329A8C /* ForecastModel.swift */,
				7E0D1C43205547DC0069AD2B /* Launch Screen.storyboard */,
				7E78BCA32056DDCA003AFE81 /* LocationServices.swift */,
				7E6D7274205BA81700F61327 /* TodayViewController.swift */,
				7E6D7276205EF1E600F61327 /* ForecsatTableViewController.swift */,
				7E6D7278205EF91900F61327 /* ForecastTableViewCell.swift */,
				7E889AC32061968600A54BCD /* IconHandler.swift */,
				7E889AC5206E1BCE00A54BCD /* DetailedTableViewController.swift */,
			);
			path = Weather;
			sourceTree = "<group>";
		};
/* End PBXGroup section */

/* Begin PBXNativeTarget section */
		7EFDE01A2030753300486AA7 /* Weather */ = {
			isa = PBXNativeTarget;
			buildConfigurationList = 7EFDE02D2030753300486AA7 /* Build configuration list for PBXNativeTarget "Weather" */;
			buildPhases = (
				7EFDE0172030753300486AA7 /* Sources */,
				7EFDE0182030753300486AA7 /* Frameworks */,
				7EFDE0192030753300486AA7 /* Resources */,
			);
			buildRules = (
			);
			dependencies = (
			);
			name = Weather;
			productName = Weather;
			productReference = 7EFDE01B2030753300486AA7 /* Weather.app */;
			productType = "com.apple.product-type.application";
		};
/* End PBXNativeTarget section */

/* Begin PBXProject section */
		7EFDE0132030753200486AA7 /* Project object */ = {
			isa = PBXProject;
			attributes = {
				LastSwiftUpdateCheck = 0920;
				LastUpgradeCheck = 0920;
				ORGANIZATIONNAME = "Simon Kärrman";
				TargetAttributes = {
					7EFDE01A2030753300486AA7 = {
						CreatedOnToolsVersion = 9.2;
						ProvisioningStyle = Automatic;
					};
				};
			};
			buildConfigurationList = 7EFDE0162030753300486AA7 /* Build configuration list for PBXProject "Weather" */;
			compatibilityVersion = "Xcode 8.0";
			developmentRegion = en;
			hasScannedForEncodings = 0;
			knownRegions = (
				en,
				Base,
			);
			mainGroup = 7EFDE0122030753200486AA7;
			productRefGroup = 7EFDE01C2030753300486AA7 /* Products */;
			projectDirPath = "";
			projectRoot = "";
			targets = (
				7EFDE01A2030753300486AA7 /* Weather */,
			);
		};
/* End PBXProject section */

/* Begin PBXResourcesBuildPhase section */
		7EFDE0192030753300486AA7 /* Resources */ = {
			isa = PBXResourcesBuildPhase;
			buildActionMask = 2147483647;
			files = (
				7E18B6372034261C00167CC2 /* .gitignore in Resources */,
				7EFDE0262030753300486AA7 /* Assets.xcassets in Resources */,
				7E0D1C44205547DC0069AD2B /* Launch Screen.storyboard in Resources */,
			);
			runOnlyForDeploymentPostprocessing = 0;
		};
/* End PBXResourcesBuildPhase section */

/* Begin PBXSourcesBuildPhase section */
		7EFDE0172030753300486AA7 /* Sources */ = {
			isa = PBXSourcesBuildPhase;
			buildActionMask = 2147483647;
			files = (
				7E6D7279205EF91900F61327 /* ForecastTableViewCell.swift in Sources */,
				7EAD41482047DC8100DA4554 /* Forecast.swift in Sources */,
				7EFDE0212030753300486AA7 /* MainViewController.swift in Sources */,
				7E6D7275205BA81700F61327 /* TodayViewController.swift in Sources */,
				7E6D7277205EF1E600F61327 /* ForecsatTableViewController.swift in Sources */,
				7E889AC42061968600A54BCD /* IconHandler.swift in Sources */,
				7E403F5D204FC70700329A8C /* ForecastModel.swift in Sources */,
				7E889AC6206E1BCE00A54BCD /* DetailedTableViewController.swift in Sources */,
				7E78BCA42056DDCA003AFE81 /* LocationServices.swift in Sources */,
				7EFDE01F2030753300486AA7 /* AppDelegate.swift in Sources */,
			);
			runOnlyForDeploymentPostprocessing = 0;
		};
/* End PBXSourcesBuildPhase section */

/* Begin XCBuildConfiguration section */
		7EFDE02B2030753300486AA7 /* Debug */ = {
			isa = XCBuildConfiguration;
			buildSettings = {
				ALWAYS_SEARCH_USER_PATHS = NO;
				CLANG_ANALYZER_NONNULL = YES;
				CLANG_ANALYZER_NUMBER_OBJECT_CONVERSION = YES_AGGRESSIVE;
				CLANG_CXX_LANGUAGE_STANDARD = "gnu++14";
				CLANG_CXX_LIBRARY = "libc++";
				CLANG_ENABLE_MODULES = YES;
				CLANG_ENABLE_OBJC_ARC = YES;
				CLANG_WARN_BLOCK_CAPTURE_AUTORELEASING = YES;
				CLANG_WARN_BOOL_CONVERSION = YES;
				CLANG_WARN_COMMA = YES;
				CLANG_WARN_CONSTANT_CONVERSION = YES;
				CLANG_WARN_DIRECT_OBJC_ISA_USAGE = YES_ERROR;
				CLANG_WARN_DOCUMENTATION_COMMENTS = YES;
				CLANG_WARN_EMPTY_BODY = YES;
				CLANG_WARN_ENUM_CONVERSION = YES;
				CLANG_WARN_INFINITE_RECURSION = YES;
				CLANG_WARN_INT_CONVERSION = YES;
				CLANG_WARN_NON_LITERAL_NULL_CONVERSION = YES;
				CLANG_WARN_OBJC_LITERAL_CONVERSION = YES;
				CLANG_WARN_OBJC_ROOT_CLASS = YES_ERROR;
				CLANG_WARN_RANGE_LOOP_ANALYSIS = YES;
				CLANG_WARN_STRICT_PROTOTYPES = YES;
				CLANG_WARN_SUSPICIOUS_MOVE = YES;
				CLANG_WARN_UNGUARDED_AVAILABILITY = YES_AGGRESSIVE;
				CLANG_WARN_UNREACHABLE_CODE = YES;
				CLANG_WARN__DUPLICATE_METHOD_MATCH = YES;
				CODE_SIGN_IDENTITY = "iPhone Developer";
				COPY_PHASE_STRIP = NO;
				DEBUG_INFORMATION_FORMAT = dwarf;
				ENABLE_STRICT_OBJC_MSGSEND = YES;
				ENABLE_TESTABILITY = YES;
				GCC_C_LANGUAGE_STANDARD = gnu11;
				GCC_DYNAMIC_NO_PIC = NO;
				GCC_NO_COMMON_BLOCKS = YES;
				GCC_OPTIMIZATION_LEVEL = 0;
				GCC_PREPROCESSOR_DEFINITIONS = (
					"DEBUG=1",
					"$(inherited)",
				);
				GCC_WARN_64_TO_32_BIT_CONVERSION = YES;
				GCC_WARN_ABOUT_RETURN_TYPE = YES_ERROR;
				GCC_WARN_UNDECLARED_SELECTOR = YES;
				GCC_WARN_UNINITIALIZED_AUTOS = YES_AGGRESSIVE;
				GCC_WARN_UNUSED_FUNCTION = YES;
				GCC_WARN_UNUSED_VARIABLE = YES;
				IPHONEOS_DEPLOYMENT_TARGET = 11.2;
				MTL_ENABLE_DEBUG_INFO = YES;
				ONLY_ACTIVE_ARCH = YES;
				SDKROOT = iphoneos;
				SWIFT_ACTIVE_COMPILATION_CONDITIONS = DEBUG;
				SWIFT_OPTIMIZATION_LEVEL = "-Onone";
			};
			name = Debug;
		};
		7EFDE02C2030753300486AA7 /* Release */ = {
			isa = XCBuildConfiguration;
			buildSettings = {
				ALWAYS_SEARCH_USER_PATHS = NO;
				CLANG_ANALYZER_NONNULL = YES;
				CLANG_ANALYZER_NUMBER_OBJECT_CONVERSION = YES_AGGRESSIVE;
				CLANG_CXX_LANGUAGE_STANDARD = "gnu++14";
				CLANG_CXX_LIBRARY = "libc++";
				CLANG_ENABLE_MODULES = YES;
				CLANG_ENABLE_OBJC_ARC = YES;
				CLANG_WARN_BLOCK_CAPTURE_AUTORELEASING = YES;
				CLANG_WARN_BOOL_CONVERSION = YES;
				CLANG_WARN_COMMA = YES;
				CLANG_WARN_CONSTANT_CONVERSION = YES;
				CLANG_WARN_DIRECT_OBJC_ISA_USAGE = YES_ERROR;
				CLANG_WARN_DOCUMENTATION_COMMENTS = YES;
				CLANG_WARN_EMPTY_BODY = YES;
				CLANG_WARN_ENUM_CONVERSION = YES;
				CLANG_WARN_INFINITE_RECURSION = YES;
				CLANG_WARN_INT_CONVERSION = YES;
				CLANG_WARN_NON_LITERAL_NULL_CONVERSION = YES;
				CLANG_WARN_OBJC_LITERAL_CONVERSION = YES;
				CLANG_WARN_OBJC_ROOT_CLASS = YES_ERROR;
				CLANG_WARN_RANGE_LOOP_ANALYSIS = YES;
				CLANG_WARN_STRICT_PROTOTYPES = YES;
				CLANG_WARN_SUSPICIOUS_MOVE = YES;
				CLANG_WARN_UNGUARDED_AVAILABILITY = YES_AGGRESSIVE;
				CLANG_WARN_UNREACHABLE_CODE = YES;
				CLANG_WARN__DUPLICATE_METHOD_MATCH = YES;
				CODE_SIGN_IDENTITY = "iPhone Developer";
				COPY_PHASE_STRIP = NO;
				DEBUG_INFORMATION_FORMAT = "dwarf-with-dsym";
				ENABLE_NS_ASSERTIONS = NO;
				ENABLE_STRICT_OBJC_MSGSEND = YES;
				GCC_C_LANGUAGE_STANDARD = gnu11;
				GCC_NO_COMMON_BLOCKS = YES;
				GCC_WARN_64_TO_32_BIT_CONVERSION = YES;
				GCC_WARN_ABOUT_RETURN_TYPE = YES_ERROR;
				GCC_WARN_UNDECLARED_SELECTOR = YES;
				GCC_WARN_UNINITIALIZED_AUTOS = YES_AGGRESSIVE;
				GCC_WARN_UNUSED_FUNCTION = YES;
				GCC_WARN_UNUSED_VARIABLE = YES;
				IPHONEOS_DEPLOYMENT_TARGET = 11.2;
				MTL_ENABLE_DEBUG_INFO = NO;
				SDKROOT = iphoneos;
				SWIFT_OPTIMIZATION_LEVEL = "-Owholemodule";
				VALIDATE_PRODUCT = YES;
			};
			name = Release;
		};
		7EFDE02E2030753300486AA7 /* Debug */ = {
			isa = XCBuildConfiguration;
			buildSettings = {
				ASSETCATALOG_COMPILER_APPICON_NAME = AppIcon;
				CODE_SIGN_STYLE = Automatic;
				DEVELOPMENT_TEAM = 6K9F4H64BE;
				INFOPLIST_FILE = Weather/Info.plist;
				LD_RUNPATH_SEARCH_PATHS = "$(inherited) @executable_path/Frameworks";
				PRODUCT_BUNDLE_IDENTIFIER = SK.Weather;
				PRODUCT_NAME = "$(TARGET_NAME)";
				SWIFT_VERSION = 4.0;
				TARGETED_DEVICE_FAMILY = "1,2";
			};
			name = Debug;
		};
		7EFDE02F2030753300486AA7 /* Release */ = {
			isa = XCBuildConfiguration;
			buildSettings = {
				ASSETCATALOG_COMPILER_APPICON_NAME = AppIcon;
				CODE_SIGN_STYLE = Automatic;
				DEVELOPMENT_TEAM = 6K9F4H64BE;
				INFOPLIST_FILE = Weather/Info.plist;
				LD_RUNPATH_SEARCH_PATHS = "$(inherited) @executable_path/Frameworks";
				PRODUCT_BUNDLE_IDENTIFIER = SK.Weather;
				PRODUCT_NAME = "$(TARGET_NAME)";
				SWIFT_VERSION = 4.0;
				TARGETED_DEVICE_FAMILY = "1,2";
			};
			name = Release;
		};
/* End XCBuildConfiguration section */

/* Begin XCConfigurationList section */
		7EFDE0162030753300486AA7 /* Build configuration list for PBXProject "Weather" */ = {
			isa = XCConfigurationList;
			buildConfigurations = (
				7EFDE02B2030753300486AA7 /* Debug */,
				7EFDE02C2030753300486AA7 /* Release */,
			);
			defaultConfigurationIsVisible = 0;
			defaultConfigurationName = Release;
		};
		7EFDE02D2030753300486AA7 /* Build configuration list for PBXNativeTarget "Weather" */ = {
			isa = XCConfigurationList;
			buildConfigurations = (
				7EFDE02E2030753300486AA7 /* Debug */,
				7EFDE02F2030753300486AA7 /* Release */,
			);
			defaultConfigurationIsVisible = 0;
			defaultConfigurationName = Release;
		};
/* End XCConfigurationList section */
	};
	rootObject = 7EFDE0132030753200486AA7 /* Project object */;
}
