// !$*UTF8*$!
{
	archiveVersion = 1;
	classes = {
	};
	objectVersion = 48;
	objects = {

/* Begin PBXBuildFile section */
		168F9C0BC9318A81A893CF0D /* Pods_Weather.framework in Frameworks */ = {isa = PBXBuildFile; fileRef = 9099B9F4F4BE83A601A41F54 /* Pods_Weather.framework */; };
		7E0944A2209F534F00888D00 /* GoogleApiKey.swift in Sources */ = {isa = PBXBuildFile; fileRef = 7E0944A1209F534F00888D00 /* GoogleApiKey.swift */; };
		7E0944A4209F613D00888D00 /* SearchViewController.swift in Sources */ = {isa = PBXBuildFile; fileRef = 7E0944A3209F613D00888D00 /* SearchViewController.swift */; };
		7E0D1C44205547DC0069AD2B /* Launch Screen.storyboard in Resources */ = {isa = PBXBuildFile; fileRef = 7E0D1C43205547DC0069AD2B /* Launch Screen.storyboard */; };
		7E13DD5320C579760095B044 /* Theme.swift in Sources */ = {isa = PBXBuildFile; fileRef = 7E13DD5220C579760095B044 /* Theme.swift */; };
		7E13DD5620C57DE90095B044 /* ThemeHandler.swift in Sources */ = {isa = PBXBuildFile; fileRef = 7E13DD5520C57DE90095B044 /* ThemeHandler.swift */; };
		7E13DD5820C98AC80095B044 /* ThemeName.swift in Sources */ = {isa = PBXBuildFile; fileRef = 7E13DD5720C98AC80095B044 /* ThemeName.swift */; };
		7E18B6372034261C00167CC2 /* .gitignore in Resources */ = {isa = PBXBuildFile; fileRef = 7E18B6362034261C00167CC2 /* .gitignore */; };
		7E2F08ED206E621000BCDECF /* TableViewHeader.swift in Sources */ = {isa = PBXBuildFile; fileRef = 7E2F08EC206E621000BCDECF /* TableViewHeader.swift */; };
		7E2F08EF206FA87500BCDECF /* DetailedViewController.swift in Sources */ = {isa = PBXBuildFile; fileRef = 7E2F08EE206FA87500BCDECF /* DetailedViewController.swift */; };
		7E2F08F12072529900BCDECF /* DetailedTableViewCell.swift in Sources */ = {isa = PBXBuildFile; fileRef = 7E2F08F02072529900BCDECF /* DetailedTableViewCell.swift */; };
		7E403F5D204FC70700329A8C /* ForecastModel.swift in Sources */ = {isa = PBXBuildFile; fileRef = 7E403F5C204FC70700329A8C /* ForecastModel.swift */; };
		7E41E0CE210B263F0085C42B /* Localizable.strings in Resources */ = {isa = PBXBuildFile; fileRef = 7E41E0D0210B263F0085C42B /* Localizable.strings */; };
		7E41E0D4211343ED0085C42B /* GoogleTableViewCell.swift in Sources */ = {isa = PBXBuildFile; fileRef = 7E41E0D3211343ED0085C42B /* GoogleTableViewCell.swift */; };
		7E41E0D6211590DB0085C42B /* SearchTableViewCell.swift in Sources */ = {isa = PBXBuildFile; fileRef = 7E41E0D5211590DB0085C42B /* SearchTableViewCell.swift */; };
		7E6D7275205BA81700F61327 /* TodayView.swift in Sources */ = {isa = PBXBuildFile; fileRef = 7E6D7274205BA81700F61327 /* TodayView.swift */; };
		7E6D7277205EF1E600F61327 /* ForecsatTableViewController.swift in Sources */ = {isa = PBXBuildFile; fileRef = 7E6D7276205EF1E600F61327 /* ForecsatTableViewController.swift */; };
		7E6D7279205EF91900F61327 /* ForecastTableViewCell.swift in Sources */ = {isa = PBXBuildFile; fileRef = 7E6D7278205EF91900F61327 /* ForecastTableViewCell.swift */; };
		7E78BCA42056DDCA003AFE81 /* LocationServices.swift in Sources */ = {isa = PBXBuildFile; fileRef = 7E78BCA32056DDCA003AFE81 /* LocationServices.swift */; };
		7E889AC42061968600A54BCD /* IconHandler.swift in Sources */ = {isa = PBXBuildFile; fileRef = 7E889AC32061968600A54BCD /* IconHandler.swift */; };
		7E889AC6206E1BCE00A54BCD /* DetailedTableViewController.swift in Sources */ = {isa = PBXBuildFile; fileRef = 7E889AC5206E1BCE00A54BCD /* DetailedTableViewController.swift */; };
		7E92B519207E143A00143D44 /* Location.swift in Sources */ = {isa = PBXBuildFile; fileRef = 7E92B518207E143A00143D44 /* Location.swift */; };
		7EA83B80208A3AE90078DD5C /* LocationSearchHeader.swift in Sources */ = {isa = PBXBuildFile; fileRef = 7EA83B7F208A3AE90078DD5C /* LocationSearchHeader.swift */; };
		7EAD41482047DC8100DA4554 /* Forecast.swift in Sources */ = {isa = PBXBuildFile; fileRef = 7EAD41472047DC8100DA4554 /* Forecast.swift */; };
		7ED753E720A1BC810010D2D9 /* SearchTableViewController.swift in Sources */ = {isa = PBXBuildFile; fileRef = 7ED753E620A1BC810010D2D9 /* SearchTableViewController.swift */; };
		7ED753E920A1BDD60010D2D9 /* PlaceSearchItem.swift in Sources */ = {isa = PBXBuildFile; fileRef = 7ED753E820A1BDD60010D2D9 /* PlaceSearchItem.swift */; };
		7EEA7BAE2115D3C500416FD8 /* SettingsViewController.swift in Sources */ = {isa = PBXBuildFile; fileRef = 7EEA7BAD2115D3C500416FD8 /* SettingsViewController.swift */; };
		7EEA7BB02115D40D00416FD8 /* ThemeTableViewController.swift in Sources */ = {isa = PBXBuildFile; fileRef = 7EEA7BAF2115D40D00416FD8 /* ThemeTableViewController.swift */; };
		7EEA7BB22115D44200416FD8 /* ThemeTableViewCell.swift in Sources */ = {isa = PBXBuildFile; fileRef = 7EEA7BB12115D44200416FD8 /* ThemeTableViewCell.swift */; };
		7EEA7BB42115D64900416FD8 /* LoadingView.swift in Sources */ = {isa = PBXBuildFile; fileRef = 7EEA7BB32115D64900416FD8 /* LoadingView.swift */; };
		7EFDE01F2030753300486AA7 /* AppDelegate.swift in Sources */ = {isa = PBXBuildFile; fileRef = 7EFDE01E2030753300486AA7 /* AppDelegate.swift */; };
		7EFDE0212030753300486AA7 /* MainViewController.swift in Sources */ = {isa = PBXBuildFile; fileRef = 7EFDE0202030753300486AA7 /* MainViewController.swift */; };
		7EFDE0262030753300486AA7 /* Assets.xcassets in Resources */ = {isa = PBXBuildFile; fileRef = 7EFDE0252030753300486AA7 /* Assets.xcassets */; };
/* End PBXBuildFile section */

/* Begin PBXFileReference section */
		0B93C9B5E0870B6AFB185451 /* Pods-Weather.debug.xcconfig */ = {isa = PBXFileReference; includeInIndex = 1; lastKnownFileType = text.xcconfig; name = "Pods-Weather.debug.xcconfig"; path = "Pods/Target Support Files/Pods-Weather/Pods-Weather.debug.xcconfig"; sourceTree = "<group>"; };
		7E0944A1209F534F00888D00 /* GoogleApiKey.swift */ = {isa = PBXFileReference; lastKnownFileType = sourcecode.swift; path = GoogleApiKey.swift; sourceTree = "<group>"; };
		7E0944A3209F613D00888D00 /* SearchViewController.swift */ = {isa = PBXFileReference; lastKnownFileType = sourcecode.swift; path = SearchViewController.swift; sourceTree = "<group>"; };
		7E0D1C43205547DC0069AD2B /* Launch Screen.storyboard */ = {isa = PBXFileReference; lastKnownFileType = file.storyboard; path = "Launch Screen.storyboard"; sourceTree = "<group>"; };
		7E13DD5220C579760095B044 /* Theme.swift */ = {isa = PBXFileReference; lastKnownFileType = sourcecode.swift; path = Theme.swift; sourceTree = "<group>"; };
		7E13DD5520C57DE90095B044 /* ThemeHandler.swift */ = {isa = PBXFileReference; lastKnownFileType = sourcecode.swift; path = ThemeHandler.swift; sourceTree = "<group>"; };
		7E13DD5720C98AC80095B044 /* ThemeName.swift */ = {isa = PBXFileReference; lastKnownFileType = sourcecode.swift; path = ThemeName.swift; sourceTree = "<group>"; };
		7E18B6362034261C00167CC2 /* .gitignore */ = {isa = PBXFileReference; lastKnownFileType = text; path = .gitignore; sourceTree = "<group>"; };
		7E2F08EC206E621000BCDECF /* TableViewHeader.swift */ = {isa = PBXFileReference; lastKnownFileType = sourcecode.swift; path = TableViewHeader.swift; sourceTree = "<group>"; };
		7E2F08EE206FA87500BCDECF /* DetailedViewController.swift */ = {isa = PBXFileReference; lastKnownFileType = sourcecode.swift; path = DetailedViewController.swift; sourceTree = "<group>"; };
		7E2F08F02072529900BCDECF /* DetailedTableViewCell.swift */ = {isa = PBXFileReference; lastKnownFileType = sourcecode.swift; path = DetailedTableViewCell.swift; sourceTree = "<group>"; };
		7E403F5C204FC70700329A8C /* ForecastModel.swift */ = {isa = PBXFileReference; lastKnownFileType = sourcecode.swift; path = ForecastModel.swift; sourceTree = "<group>"; };
		7E41E0CF210B263F0085C42B /* en */ = {isa = PBXFileReference; lastKnownFileType = text.plist.strings; name = en; path = en.lproj/Localizable.strings; sourceTree = "<group>"; };
		7E41E0D1210B26F50085C42B /* sv */ = {isa = PBXFileReference; lastKnownFileType = text.plist.strings; name = sv; path = sv.lproj/Localizable.strings; sourceTree = "<group>"; };
		7E41E0D3211343ED0085C42B /* GoogleTableViewCell.swift */ = {isa = PBXFileReference; lastKnownFileType = sourcecode.swift; path = GoogleTableViewCell.swift; sourceTree = "<group>"; };
		7E41E0D5211590DB0085C42B /* SearchTableViewCell.swift */ = {isa = PBXFileReference; lastKnownFileType = sourcecode.swift; path = SearchTableViewCell.swift; sourceTree = "<group>"; };
		7E6D7274205BA81700F61327 /* TodayView.swift */ = {isa = PBXFileReference; lastKnownFileType = sourcecode.swift; path = TodayView.swift; sourceTree = "<group>"; };
		7E6D7276205EF1E600F61327 /* ForecsatTableViewController.swift */ = {isa = PBXFileReference; lastKnownFileType = sourcecode.swift; path = ForecsatTableViewController.swift; sourceTree = "<group>"; };
		7E6D7278205EF91900F61327 /* ForecastTableViewCell.swift */ = {isa = PBXFileReference; lastKnownFileType = sourcecode.swift; path = ForecastTableViewCell.swift; sourceTree = "<group>"; };
		7E78BCA32056DDCA003AFE81 /* LocationServices.swift */ = {isa = PBXFileReference; lastKnownFileType = sourcecode.swift; path = LocationServices.swift; sourceTree = "<group>"; };
		7E889AC32061968600A54BCD /* IconHandler.swift */ = {isa = PBXFileReference; lastKnownFileType = sourcecode.swift; path = IconHandler.swift; sourceTree = "<group>"; };
		7E889AC5206E1BCE00A54BCD /* DetailedTableViewController.swift */ = {isa = PBXFileReference; lastKnownFileType = sourcecode.swift; path = DetailedTableViewController.swift; sourceTree = "<group>"; };
		7E92B518207E143A00143D44 /* Location.swift */ = {isa = PBXFileReference; lastKnownFileType = sourcecode.swift; path = Location.swift; sourceTree = "<group>"; };
		7EA83B7F208A3AE90078DD5C /* LocationSearchHeader.swift */ = {isa = PBXFileReference; lastKnownFileType = sourcecode.swift; path = LocationSearchHeader.swift; sourceTree = "<group>"; };
		7EAD41472047DC8100DA4554 /* Forecast.swift */ = {isa = PBXFileReference; lastKnownFileType = sourcecode.swift; path = Forecast.swift; sourceTree = "<group>"; };
		7ED753E620A1BC810010D2D9 /* SearchTableViewController.swift */ = {isa = PBXFileReference; lastKnownFileType = sourcecode.swift; path = SearchTableViewController.swift; sourceTree = "<group>"; };
		7ED753E820A1BDD60010D2D9 /* PlaceSearchItem.swift */ = {isa = PBXFileReference; lastKnownFileType = sourcecode.swift; path = PlaceSearchItem.swift; sourceTree = "<group>"; };
		7EEA7BAD2115D3C500416FD8 /* SettingsViewController.swift */ = {isa = PBXFileReference; lastKnownFileType = sourcecode.swift; path = SettingsViewController.swift; sourceTree = "<group>"; };
		7EEA7BAF2115D40D00416FD8 /* ThemeTableViewController.swift */ = {isa = PBXFileReference; lastKnownFileType = sourcecode.swift; path = ThemeTableViewController.swift; sourceTree = "<group>"; };
		7EEA7BB12115D44200416FD8 /* ThemeTableViewCell.swift */ = {isa = PBXFileReference; lastKnownFileType = sourcecode.swift; path = ThemeTableViewCell.swift; sourceTree = "<group>"; };
		7EEA7BB32115D64900416FD8 /* LoadingView.swift */ = {isa = PBXFileReference; lastKnownFileType = sourcecode.swift; path = LoadingView.swift; sourceTree = "<group>"; };
		7EFDE01B2030753300486AA7 /* Weather.app */ = {isa = PBXFileReference; explicitFileType = wrapper.application; includeInIndex = 0; path = Weather.app; sourceTree = BUILT_PRODUCTS_DIR; };
		7EFDE01E2030753300486AA7 /* AppDelegate.swift */ = {isa = PBXFileReference; lastKnownFileType = sourcecode.swift; path = AppDelegate.swift; sourceTree = "<group>"; };
		7EFDE0202030753300486AA7 /* MainViewController.swift */ = {isa = PBXFileReference; lastKnownFileType = sourcecode.swift; path = MainViewController.swift; sourceTree = "<group>"; };
		7EFDE0252030753300486AA7 /* Assets.xcassets */ = {isa = PBXFileReference; lastKnownFileType = folder.assetcatalog; path = Assets.xcassets; sourceTree = "<group>"; };
		7EFDE02A2030753300486AA7 /* Info.plist */ = {isa = PBXFileReference; lastKnownFileType = text.plist.xml; path = Info.plist; sourceTree = "<group>"; };
		8871A48159361945831590E6 /* Pods-Weather.release.xcconfig */ = {isa = PBXFileReference; includeInIndex = 1; lastKnownFileType = text.xcconfig; name = "Pods-Weather.release.xcconfig"; path = "Pods/Target Support Files/Pods-Weather/Pods-Weather.release.xcconfig"; sourceTree = "<group>"; };
		9099B9F4F4BE83A601A41F54 /* Pods_Weather.framework */ = {isa = PBXFileReference; explicitFileType = wrapper.framework; includeInIndex = 0; path = Pods_Weather.framework; sourceTree = BUILT_PRODUCTS_DIR; };
/* End PBXFileReference section */

/* Begin PBXFrameworksBuildPhase section */
		7EFDE0182030753300486AA7 /* Frameworks */ = {
			isa = PBXFrameworksBuildPhase;
			buildActionMask = 2147483647;
			files = (
				168F9C0BC9318A81A893CF0D /* Pods_Weather.framework in Frameworks */,
			);
			runOnlyForDeploymentPostprocessing = 0;
		};
/* End PBXFrameworksBuildPhase section */

/* Begin PBXGroup section */
		309A49EFBEB9446EE9C9CCD4 /* Frameworks */ = {
			isa = PBXGroup;
			children = (
				9099B9F4F4BE83A601A41F54 /* Pods_Weather.framework */,
			);
			name = Frameworks;
			sourceTree = "<group>";
		};
		7E13DD4820C408D60095B044 /* ViewControllers */ = {
			isa = PBXGroup;
			children = (
				7EE5877A2115D30B00FDD30F /* SettingsViewControllers */,
				7E13DD4920C408E80095B044 /* MainViewControllers */,
				7E13DD4A20C4094F0095B044 /* DetailedViewControllers */,
				7E13DD4B20C409A60095B044 /* SearchViewContollers */,
			);
			path = ViewControllers;
			sourceTree = "<group>";
		};
		7E13DD4920C408E80095B044 /* MainViewControllers */ = {
			isa = PBXGroup;
			children = (
				7E6D7274205BA81700F61327 /* TodayView.swift */,
				7E6D7278205EF91900F61327 /* ForecastTableViewCell.swift */,
				7E6D7276205EF1E600F61327 /* ForecsatTableViewController.swift */,
				7EFDE0202030753300486AA7 /* MainViewController.swift */,
				7EEA7BB32115D64900416FD8 /* LoadingView.swift */,
			);
			path = MainViewControllers;
			sourceTree = "<group>";
		};
		7E13DD4A20C4094F0095B044 /* DetailedViewControllers */ = {
			isa = PBXGroup;
			children = (
				7E2F08EC206E621000BCDECF /* TableViewHeader.swift */,
				7E2F08EE206FA87500BCDECF /* DetailedViewController.swift */,
				7E889AC5206E1BCE00A54BCD /* DetailedTableViewController.swift */,
				7E2F08F02072529900BCDECF /* DetailedTableViewCell.swift */,
			);
			path = DetailedViewControllers;
			sourceTree = "<group>";
		};
		7E13DD4B20C409A60095B044 /* SearchViewContollers */ = {
			isa = PBXGroup;
			children = (
				7E0944A3209F613D00888D00 /* SearchViewController.swift */,
				7ED753E620A1BC810010D2D9 /* SearchTableViewController.swift */,
				7EA83B7F208A3AE90078DD5C /* LocationSearchHeader.swift */,
				7E41E0D3211343ED0085C42B /* GoogleTableViewCell.swift */,
				7E41E0D5211590DB0085C42B /* SearchTableViewCell.swift */,
			);
			path = SearchViewContollers;
			sourceTree = "<group>";
		};
		7E13DD4C20C40A1A0095B044 /* Models */ = {
			isa = PBXGroup;
			children = (
				7EAD41472047DC8100DA4554 /* Forecast.swift */,
				7ED753E820A1BDD60010D2D9 /* PlaceSearchItem.swift */,
				7E92B518207E143A00143D44 /* Location.swift */,
				7E403F5C204FC70700329A8C /* ForecastModel.swift */,
			);
			path = Models;
			sourceTree = "<group>";
		};
		7E13DD4D20C40A520095B044 /* Services */ = {
			isa = PBXGroup;
			children = (
				7E0944A1209F534F00888D00 /* GoogleApiKey.swift */,
				7E13DD5420C57DC60095B044 /* Theme */,
				7E78BCA32056DDCA003AFE81 /* LocationServices.swift */,
				7E889AC32061968600A54BCD /* IconHandler.swift */,
			);
			path = Services;
			sourceTree = "<group>";
		};
		7E13DD5420C57DC60095B044 /* Theme */ = {
			isa = PBXGroup;
			children = (
				7E13DD5220C579760095B044 /* Theme.swift */,
				7E13DD5520C57DE90095B044 /* ThemeHandler.swift */,
				7E13DD5720C98AC80095B044 /* ThemeName.swift */,
			);
			path = Theme;
			sourceTree = "<group>";
		};
		7EE5877A2115D30B00FDD30F /* SettingsViewControllers */ = {
			isa = PBXGroup;
			children = (
				7EEA7BAD2115D3C500416FD8 /* SettingsViewController.swift */,
				7EEA7BAF2115D40D00416FD8 /* ThemeTableViewController.swift */,
				7EEA7BB12115D44200416FD8 /* ThemeTableViewCell.swift */,
			);
			path = SettingsViewControllers;
			sourceTree = "<group>";
		};
		7EFDE0122030753200486AA7 = {
			isa = PBXGroup;
			children = (
				7E18B6362034261C00167CC2 /* .gitignore */,
				7EFDE01D2030753300486AA7 /* Weather */,
				7EFDE01C2030753300486AA7 /* Products */,
				B3820A303A6CE578891B24F3 /* Pods */,
				309A49EFBEB9446EE9C9CCD4 /* Frameworks */,
			);
			sourceTree = "<group>";
		};
		7EFDE01C2030753300486AA7 /* Products */ = {
			isa = PBXGroup;
			children = (
				7EFDE01B2030753300486AA7 /* Weather.app */,
			);
			name = Products;
			sourceTree = "<group>";
		};
		7EFDE01D2030753300486AA7 /* Weather */ = {
			isa = PBXGroup;
			children = (
				7E13DD4D20C40A520095B044 /* Services */,
				7E13DD4C20C40A1A0095B044 /* Models */,
				7E13DD4820C408D60095B044 /* ViewControllers */,
				7EFDE01E2030753300486AA7 /* AppDelegate.swift */,
				7EFDE0252030753300486AA7 /* Assets.xcassets */,
				7EFDE02A2030753300486AA7 /* Info.plist */,
				7E0D1C43205547DC0069AD2B /* Launch Screen.storyboard */,
				7E41E0D0210B263F0085C42B /* Localizable.strings */,
			);
			path = Weather;
			sourceTree = "<group>";
		};
		B3820A303A6CE578891B24F3 /* Pods */ = {
			isa = PBXGroup;
			children = (
				0B93C9B5E0870B6AFB185451 /* Pods-Weather.debug.xcconfig */,
				8871A48159361945831590E6 /* Pods-Weather.release.xcconfig */,
			);
			name = Pods;
			sourceTree = "<group>";
		};
/* End PBXGroup section */

/* Begin PBXNativeTarget section */
		7EFDE01A2030753300486AA7 /* Weather */ = {
			isa = PBXNativeTarget;
			buildConfigurationList = 7EFDE02D2030753300486AA7 /* Build configuration list for PBXNativeTarget "Weather" */;
			buildPhases = (
				59B321056E6B536A6E9DACF6 /* [CP] Check Pods Manifest.lock */,
				7EFDE0172030753300486AA7 /* Sources */,
				7EFDE0182030753300486AA7 /* Frameworks */,
				7EFDE0192030753300486AA7 /* Resources */,
				7FD92067F986E1868766E117 /* [CP] Embed Pods Frameworks */,
				5CBEBA5FD10162EB920130A6 /* [CP] Copy Pods Resources */,
			);
			buildRules = (
			);
			dependencies = (
			);
			name = Weather;
			productName = Weather;
			productReference = 7EFDE01B2030753300486AA7 /* Weather.app */;
			productType = "com.apple.product-type.application";
		};
/* End PBXNativeTarget section */

/* Begin PBXProject section */
		7EFDE0132030753200486AA7 /* Project object */ = {
			isa = PBXProject;
			attributes = {
				LastSwiftUpdateCheck = 0920;
				LastUpgradeCheck = 0930;
				ORGANIZATIONNAME = "Simon Kärrman";
				TargetAttributes = {
					7EFDE01A2030753300486AA7 = {
						CreatedOnToolsVersion = 9.2;
						ProvisioningStyle = Automatic;
					};
				};
			};
			buildConfigurationList = 7EFDE0162030753300486AA7 /* Build configuration list for PBXProject "Weather" */;
			compatibilityVersion = "Xcode 8.0";
			developmentRegion = en;
			hasScannedForEncodings = 0;
			knownRegions = (
				en,
				Base,
				sv,
			);
			mainGroup = 7EFDE0122030753200486AA7;
			productRefGroup = 7EFDE01C2030753300486AA7 /* Products */;
			projectDirPath = "";
			projectRoot = "";
			targets = (
				7EFDE01A2030753300486AA7 /* Weather */,
			);
		};
/* End PBXProject section */

/* Begin PBXResourcesBuildPhase section */
		7EFDE0192030753300486AA7 /* Resources */ = {
			isa = PBXResourcesBuildPhase;
			buildActionMask = 2147483647;
			files = (
				7E18B6372034261C00167CC2 /* .gitignore in Resources */,
				7E41E0CE210B263F0085C42B /* Localizable.strings in Resources */,
				7EFDE0262030753300486AA7 /* Assets.xcassets in Resources */,
				7E0D1C44205547DC0069AD2B /* Launch Screen.storyboard in Resources */,
			);
			runOnlyForDeploymentPostprocessing = 0;
		};
/* End PBXResourcesBuildPhase section */

/* Begin PBXShellScriptBuildPhase section */
		59B321056E6B536A6E9DACF6 /* [CP] Check Pods Manifest.lock */ = {
			isa = PBXShellScriptBuildPhase;
			buildActionMask = 2147483647;
			files = (
			);
			inputPaths = (
				"${PODS_PODFILE_DIR_PATH}/Podfile.lock",
				"${PODS_ROOT}/Manifest.lock",
			);
			name = "[CP] Check Pods Manifest.lock";
			outputPaths = (
				"$(DERIVED_FILE_DIR)/Pods-Weather-checkManifestLockResult.txt",
			);
			runOnlyForDeploymentPostprocessing = 0;
			shellPath = /bin/sh;
			shellScript = "diff \"${PODS_PODFILE_DIR_PATH}/Podfile.lock\" \"${PODS_ROOT}/Manifest.lock\" > /dev/null\nif [ $? != 0 ] ; then\n    # print error to STDERR\n    echo \"error: The sandbox is not in sync with the Podfile.lock. Run 'pod install' or update your CocoaPods installation.\" >&2\n    exit 1\nfi\n# This output is used by Xcode 'outputs' to avoid re-running this script phase.\necho \"SUCCESS\" > \"${SCRIPT_OUTPUT_FILE_0}\"\n";
			showEnvVarsInLog = 0;
		};
		5CBEBA5FD10162EB920130A6 /* [CP] Copy Pods Resources */ = {
			isa = PBXShellScriptBuildPhase;
			buildActionMask = 2147483647;
			files = (
			);
			inputPaths = (
				"${SRCROOT}/Pods/Target Support Files/Pods-Weather/Pods-Weather-resources.sh",
				"${PODS_ROOT}/GoogleMaps/Maps/Frameworks/GoogleMaps.framework/Resources/GoogleMaps.bundle",
				"${PODS_ROOT}/GooglePlacePicker/Frameworks/GooglePlacePicker.framework/Resources/GooglePlacePicker.bundle",
				"${PODS_ROOT}/GooglePlaces/Frameworks/GooglePlaces.framework/Resources/GooglePlaces.bundle",
			);
			name = "[CP] Copy Pods Resources";
			outputPaths = (
				"${TARGET_BUILD_DIR}/${UNLOCALIZED_RESOURCES_FOLDER_PATH}",
			);
			runOnlyForDeploymentPostprocessing = 0;
			shellPath = /bin/sh;
			shellScript = "\"${SRCROOT}/Pods/Target Support Files/Pods-Weather/Pods-Weather-resources.sh\"\n";
			showEnvVarsInLog = 0;
		};
		7FD92067F986E1868766E117 /* [CP] Embed Pods Frameworks */ = {
			isa = PBXShellScriptBuildPhase;
			buildActionMask = 2147483647;
			files = (
			);
			inputPaths = (
			);
			name = "[CP] Embed Pods Frameworks";
			outputPaths = (
			);
			runOnlyForDeploymentPostprocessing = 0;
			shellPath = /bin/sh;
			shellScript = "\"${SRCROOT}/Pods/Target Support Files/Pods-Weather/Pods-Weather-frameworks.sh\"\n";
			showEnvVarsInLog = 0;
		};
/* End PBXShellScriptBuildPhase section */

/* Begin PBXSourcesBuildPhase section */
		7EFDE0172030753300486AA7 /* Sources */ = {
			isa = PBXSourcesBuildPhase;
			buildActionMask = 2147483647;
			files = (
				7EEA7BB22115D44200416FD8 /* ThemeTableViewCell.swift in Sources */,
				7E6D7279205EF91900F61327 /* ForecastTableViewCell.swift in Sources */,
				7E13DD5820C98AC80095B044 /* ThemeName.swift in Sources */,
				7EAD41482047DC8100DA4554 /* Forecast.swift in Sources */,
				7E2F08EF206FA87500BCDECF /* DetailedViewController.swift in Sources */,
				7EEA7BB42115D64900416FD8 /* LoadingView.swift in Sources */,
				7EFDE0212030753300486AA7 /* MainViewController.swift in Sources */,
				7E13DD5620C57DE90095B044 /* ThemeHandler.swift in Sources */,
				7E6D7275205BA81700F61327 /* TodayView.swift in Sources */,
				7E0944A2209F534F00888D00 /* GoogleApiKey.swift in Sources */,
				7EEA7BAE2115D3C500416FD8 /* SettingsViewController.swift in Sources */,
				7E13DD5320C579760095B044 /* Theme.swift in Sources */,
				7E41E0D6211590DB0085C42B /* SearchTableViewCell.swift in Sources */,
				7EA83B80208A3AE90078DD5C /* LocationSearchHeader.swift in Sources */,
				7ED753E920A1BDD60010D2D9 /* PlaceSearchItem.swift in Sources */,
				7E92B519207E143A00143D44 /* Location.swift in Sources */,
				7E6D7277205EF1E600F61327 /* ForecsatTableViewController.swift in Sources */,
				7EEA7BB02115D40D00416FD8 /* ThemeTableViewController.swift in Sources */,
				7E2F08ED206E621000BCDECF /* TableViewHeader.swift in Sources */,
				7E889AC42061968600A54BCD /* IconHandler.swift in Sources */,
				7E2F08F12072529900BCDECF /* DetailedTableViewCell.swift in Sources */,
				7E0944A4209F613D00888D00 /* SearchViewController.swift in Sources */,
				7E403F5D204FC70700329A8C /* ForecastModel.swift in Sources */,
				7E889AC6206E1BCE00A54BCD /* DetailedTableViewController.swift in Sources */,
				7ED753E720A1BC810010D2D9 /* SearchTableViewController.swift in Sources */,
				7E78BCA42056DDCA003AFE81 /* LocationServices.swift in Sources */,
				7EFDE01F2030753300486AA7 /* AppDelegate.swift in Sources */,
				7E41E0D4211343ED0085C42B /* GoogleTableViewCell.swift in Sources */,
			);
			runOnlyForDeploymentPostprocessing = 0;
		};
/* End PBXSourcesBuildPhase section */

/* Begin PBXVariantGroup section */
		7E41E0D0210B263F0085C42B /* Localizable.strings */ = {
			isa = PBXVariantGroup;
			children = (
				7E41E0CF210B263F0085C42B /* en */,
				7E41E0D1210B26F50085C42B /* sv */,
			);
			name = Localizable.strings;
			sourceTree = "<group>";
		};
/* End PBXVariantGroup section */

/* Begin XCBuildConfiguration section */
		7EFDE02B2030753300486AA7 /* Debug */ = {
			isa = XCBuildConfiguration;
			buildSettings = {
				ALWAYS_SEARCH_USER_PATHS = NO;
				CLANG_ANALYZER_LOCALIZABILITY_NONLOCALIZED = YES;
				CLANG_ANALYZER_NONNULL = YES;
				CLANG_ANALYZER_NUMBER_OBJECT_CONVERSION = YES_AGGRESSIVE;
				CLANG_CXX_LANGUAGE_STANDARD = "gnu++14";
				CLANG_CXX_LIBRARY = "libc++";
				CLANG_ENABLE_MODULES = YES;
				CLANG_ENABLE_OBJC_ARC = YES;
				CLANG_WARN_BLOCK_CAPTURE_AUTORELEASING = YES;
				CLANG_WARN_BOOL_CONVERSION = YES;
				CLANG_WARN_COMMA = YES;
				CLANG_WARN_CONSTANT_CONVERSION = YES;
				CLANG_WARN_DEPRECATED_OBJC_IMPLEMENTATIONS = YES;
				CLANG_WARN_DIRECT_OBJC_ISA_USAGE = YES_ERROR;
				CLANG_WARN_DOCUMENTATION_COMMENTS = YES;
				CLANG_WARN_EMPTY_BODY = YES;
				CLANG_WARN_ENUM_CONVERSION = YES;
				CLANG_WARN_INFINITE_RECURSION = YES;
				CLANG_WARN_INT_CONVERSION = YES;
				CLANG_WARN_NON_LITERAL_NULL_CONVERSION = YES;
				CLANG_WARN_OBJC_IMPLICIT_RETAIN_SELF = YES;
				CLANG_WARN_OBJC_LITERAL_CONVERSION = YES;
				CLANG_WARN_OBJC_ROOT_CLASS = YES_ERROR;
				CLANG_WARN_RANGE_LOOP_ANALYSIS = YES;
				CLANG_WARN_STRICT_PROTOTYPES = YES;
				CLANG_WARN_SUSPICIOUS_MOVE = YES;
				CLANG_WARN_UNGUARDED_AVAILABILITY = YES_AGGRESSIVE;
				CLANG_WARN_UNREACHABLE_CODE = YES;
				CLANG_WARN__DUPLICATE_METHOD_MATCH = YES;
				CODE_SIGN_IDENTITY = "iPhone Developer";
				COPY_PHASE_STRIP = NO;
				DEBUG_INFORMATION_FORMAT = dwarf;
				ENABLE_STRICT_OBJC_MSGSEND = YES;
				ENABLE_TESTABILITY = YES;
				GCC_C_LANGUAGE_STANDARD = gnu11;
				GCC_DYNAMIC_NO_PIC = NO;
				GCC_NO_COMMON_BLOCKS = YES;
				GCC_OPTIMIZATION_LEVEL = 0;
				GCC_PREPROCESSOR_DEFINITIONS = (
					"DEBUG=1",
					"$(inherited)",
				);
				GCC_WARN_64_TO_32_BIT_CONVERSION = YES;
				GCC_WARN_ABOUT_RETURN_TYPE = YES_ERROR;
				GCC_WARN_UNDECLARED_SELECTOR = YES;
				GCC_WARN_UNINITIALIZED_AUTOS = YES_AGGRESSIVE;
				GCC_WARN_UNUSED_FUNCTION = YES;
				GCC_WARN_UNUSED_VARIABLE = YES;
				IPHONEOS_DEPLOYMENT_TARGET = 11.4;
				MTL_ENABLE_DEBUG_INFO = YES;
				ONLY_ACTIVE_ARCH = YES;
				SDKROOT = iphoneos;
				SWIFT_ACTIVE_COMPILATION_CONDITIONS = DEBUG;
				SWIFT_OPTIMIZATION_LEVEL = "-Onone";
			};
			name = Debug;
		};
		7EFDE02C2030753300486AA7 /* Release */ = {
			isa = XCBuildConfiguration;
			buildSettings = {
				ALWAYS_SEARCH_USER_PATHS = NO;
				CLANG_ANALYZER_LOCALIZABILITY_NONLOCALIZED = YES;
				CLANG_ANALYZER_NONNULL = YES;
				CLANG_ANALYZER_NUMBER_OBJECT_CONVERSION = YES_AGGRESSIVE;
				CLANG_CXX_LANGUAGE_STANDARD = "gnu++14";
				CLANG_CXX_LIBRARY = "libc++";
				CLANG_ENABLE_MODULES = YES;
				CLANG_ENABLE_OBJC_ARC = YES;
				CLANG_WARN_BLOCK_CAPTURE_AUTORELEASING = YES;
				CLANG_WARN_BOOL_CONVERSION = YES;
				CLANG_WARN_COMMA = YES;
				CLANG_WARN_CONSTANT_CONVERSION = YES;
				CLANG_WARN_DEPRECATED_OBJC_IMPLEMENTATIONS = YES;
				CLANG_WARN_DIRECT_OBJC_ISA_USAGE = YES_ERROR;
				CLANG_WARN_DOCUMENTATION_COMMENTS = YES;
				CLANG_WARN_EMPTY_BODY = YES;
				CLANG_WARN_ENUM_CONVERSION = YES;
				CLANG_WARN_INFINITE_RECURSION = YES;
				CLANG_WARN_INT_CONVERSION = YES;
				CLANG_WARN_NON_LITERAL_NULL_CONVERSION = YES;
				CLANG_WARN_OBJC_IMPLICIT_RETAIN_SELF = YES;
				CLANG_WARN_OBJC_LITERAL_CONVERSION = YES;
				CLANG_WARN_OBJC_ROOT_CLASS = YES_ERROR;
				CLANG_WARN_RANGE_LOOP_ANALYSIS = YES;
				CLANG_WARN_STRICT_PROTOTYPES = YES;
				CLANG_WARN_SUSPICIOUS_MOVE = YES;
				CLANG_WARN_UNGUARDED_AVAILABILITY = YES_AGGRESSIVE;
				CLANG_WARN_UNREACHABLE_CODE = YES;
				CLANG_WARN__DUPLICATE_METHOD_MATCH = YES;
				CODE_SIGN_IDENTITY = "iPhone Developer";
				COPY_PHASE_STRIP = NO;
				DEBUG_INFORMATION_FORMAT = "dwarf-with-dsym";
				ENABLE_NS_ASSERTIONS = NO;
				ENABLE_STRICT_OBJC_MSGSEND = YES;
				GCC_C_LANGUAGE_STANDARD = gnu11;
				GCC_NO_COMMON_BLOCKS = YES;
				GCC_WARN_64_TO_32_BIT_CONVERSION = YES;
				GCC_WARN_ABOUT_RETURN_TYPE = YES_ERROR;
				GCC_WARN_UNDECLARED_SELECTOR = YES;
				GCC_WARN_UNINITIALIZED_AUTOS = YES_AGGRESSIVE;
				GCC_WARN_UNUSED_FUNCTION = YES;
				GCC_WARN_UNUSED_VARIABLE = YES;
				IPHONEOS_DEPLOYMENT_TARGET = 11.4;
				MTL_ENABLE_DEBUG_INFO = NO;
				ONLY_ACTIVE_ARCH = NO;
				SDKROOT = iphoneos;
				SWIFT_OPTIMIZATION_LEVEL = "-Owholemodule";
				VALIDATE_PRODUCT = YES;
			};
			name = Release;
		};
		7EFDE02E2030753300486AA7 /* Debug */ = {
			isa = XCBuildConfiguration;
			baseConfigurationReference = 0B93C9B5E0870B6AFB185451 /* Pods-Weather.debug.xcconfig */;
			buildSettings = {
				ASSETCATALOG_COMPILER_APPICON_NAME = AppIcon;
				CODE_SIGN_STYLE = Automatic;
				DEVELOPMENT_TEAM = 6K9F4H64BE;
				INFOPLIST_FILE = Weather/Info.plist;
				LD_RUNPATH_SEARCH_PATHS = "$(inherited) @executable_path/Frameworks";
				PRODUCT_BUNDLE_IDENTIFIER = SK.Weather;
				PRODUCT_NAME = "$(TARGET_NAME)";
				SWIFT_VERSION = 4.0;
				TARGETED_DEVICE_FAMILY = "1,2";
			};
			name = Debug;
		};
		7EFDE02F2030753300486AA7 /* Release */ = {
			isa = XCBuildConfiguration;
			baseConfigurationReference = 8871A48159361945831590E6 /* Pods-Weather.release.xcconfig */;
			buildSettings = {
				ASSETCATALOG_COMPILER_APPICON_NAME = AppIcon;
				CODE_SIGN_STYLE = Automatic;
				DEVELOPMENT_TEAM = 6K9F4H64BE;
				INFOPLIST_FILE = Weather/Info.plist;
				LD_RUNPATH_SEARCH_PATHS = "$(inherited) @executable_path/Frameworks";
				PRODUCT_BUNDLE_IDENTIFIER = SK.Weather;
				PRODUCT_NAME = "$(TARGET_NAME)";
				SWIFT_VERSION = 4.0;
				TARGETED_DEVICE_FAMILY = "1,2";
			};
			name = Release;
		};
/* End XCBuildConfiguration section */

/* Begin XCConfigurationList section */
		7EFDE0162030753300486AA7 /* Build configuration list for PBXProject "Weather" */ = {
			isa = XCConfigurationList;
			buildConfigurations = (
				7EFDE02B2030753300486AA7 /* Debug */,
				7EFDE02C2030753300486AA7 /* Release */,
			);
			defaultConfigurationIsVisible = 0;
			defaultConfigurationName = Release;
		};
		7EFDE02D2030753300486AA7 /* Build configuration list for PBXNativeTarget "Weather" */ = {
			isa = XCConfigurationList;
			buildConfigurations = (
				7EFDE02E2030753300486AA7 /* Debug */,
				7EFDE02F2030753300486AA7 /* Release */,
			);
			defaultConfigurationIsVisible = 0;
			defaultConfigurationName = Release;
		};
/* End XCConfigurationList section */
	};
	rootObject = 7EFDE0132030753200486AA7 /* Project object */;
}
